
Microsoft Visual Studio Solution File, Format Version 12.00
# Visual Studio Version 17
VisualStudioVersion = 17.5.33627.172
MinimumVisualStudioVersion = 10.0.40219.1
Project("{FAE04EC0-301F-11D3-BF4B-00C04F79EFBC}") = "eCommerce", "eCommerce\eCommerce.csproj", "{037E22AA-7495-449B-BAA4-02CF6CAD701B}"
EndProject
Global
	GlobalSection(SolutionConfigurationPlatforms) = preSolution
		Debug|Any CPU = Debug|Any CPU
		Release|Any CPU = Release|Any CPU
	EndGlobalSection
	GlobalSection(ProjectConfigurationPlatforms) = postSolution
		{037E22AA-7495-449B-BAA4-02CF6CAD701B}.Debug|Any CPU.ActiveCfg = Debug|Any CPU
		{037E22AA-7495-449B-BAA4-02CF6CAD701B}.Debug|Any CPU.Build.0 = Debug|Any CPU
		{037E22AA-7495-449B-BAA4-02CF6CAD701B}.Release|Any CPU.ActiveCfg = Release|Any CPU
		{037E22AA-7495-449B-BAA4-02CF6CAD701B}.Release|Any CPU.Build.0 = Release|Any CPU
	EndGlobalSection
	GlobalSection(SolutionProperties) = preSolution
		HideSolutionNode = FALSE
	EndGlobalSection
	GlobalSection(ExtensibilityGlobals) = postSolution
		SolutionGuid = {EB541A7E-F1AA-4542-B7D3-5D2E79722106}
	EndGlobalSection
EndGlobal
